{
    "_meta": {
        "hash": {
            "sha256": "d79c8a51c1d69002e833e50c7dc9102e39bb183fe724985d63c96cfa4a0741af"
        },
        "pipfile-spec": 6,
        "requires": {
            "python_version": "3.10"
        },
        "sources": [
            {
                "name": "pypi",
                "url": "https://pypi.org/simple",
                "verify_ssl": true
            }
        ]
    },
    "default": {
        "contourpy": {
            "hashes": [
                "sha256:0475b1f6604896bc7c53bb070e355e9321e1bc0d381735421a2d2068ec56531f",
                "sha256:106fab697af11456fcba3e352ad50effe493a90f893fca6c2ca5c033820cea92",
                "sha256:107ba8a6a7eec58bb475329e6d3b95deba9440667c4d62b9b6063942b61d7f16",
                "sha256:15ce6ab60957ca74cff444fe66d9045c1fd3e92c8936894ebd1f3eef2fff075f",
                "sha256:1c48188778d4d2f3d48e4643fb15d8608b1d01e4b4d6b0548d9b336c28fc9b6f",
                "sha256:3859783aefa2b8355697f16642695a5b9792e7a46ab86da1118a4a23a51a33d7",
                "sha256:3d80b2c0300583228ac98d0a927a1ba6a2ba6b8a742463c564f1d419ee5b211e",
                "sha256:3f9e896f447c5c8618f1edb2bafa9a4030f22a575ec418ad70611450720b5b08",
                "sha256:434f0adf84911c924519d2b08fc10491dd282b20bdd3fa8f60fd816ea0b48841",
                "sha256:49b65a95d642d4efa8f64ba12558fcb83407e58a2dfba9d796d77b63ccfcaff5",
                "sha256:4caf2bcd2969402bf77edc4cb6034c7dd7c0803213b3523f111eb7460a51b8d2",
                "sha256:532fd26e715560721bb0d5fc7610fce279b3699b018600ab999d1be895b09415",
                "sha256:5ebac872ba09cb8f2131c46b8739a7ff71de28a24c869bcad554477eb089a878",
                "sha256:5f5964cdad279256c084b69c3f412b7801e15356b16efa9d78aa974041903da0",
                "sha256:65a887a6e8c4cd0897507d814b14c54a8c2e2aa4ac9f7686292f9769fcf9a6ab",
                "sha256:6a37a2fb93d4df3fc4c0e363ea4d16f83195fc09c891bc8ce072b9d084853445",
                "sha256:70771a461aaeb335df14deb6c97439973d253ae70660ca085eec25241137ef43",
                "sha256:71e2bd4a1c4188f5c2b8d274da78faab884b59df20df63c34f74aa1813c4427c",
                "sha256:745b57db7758f3ffc05a10254edd3182a2a83402a89c00957a8e8a22f5582823",
                "sha256:78e9253c3de756b3f6a5174d024c4835acd59eb3f8e2ca13e775dbffe1558f69",
                "sha256:82199cb78276249796419fe36b7386bd8d2cc3f28b3bc19fe2454fe2e26c4c15",
                "sha256:8b7fc0cd78ba2f4695fd0a6ad81a19e7e3ab825c31b577f384aa9d7817dc3bef",
                "sha256:8c5acb8dddb0752bf252e01a3035b21443158910ac16a3b0d20e7fed7d534ce5",
                "sha256:8c942a01d9163e2e5cfb05cb66110121b8d07ad438a17f9e766317bcb62abf73",
                "sha256:8d2e74acbcba3bfdb6d9d8384cdc4f9260cae86ed9beee8bd5f54fee49a430b9",
                "sha256:90df94c89a91b7362e1142cbee7568f86514412ab8a2c0d0fca72d7e91b62912",
                "sha256:970e9173dbd7eba9b4e01aab19215a48ee5dd3f43cef736eebde064a171f89a5",
                "sha256:977e98a0e0480d3fe292246417239d2d45435904afd6d7332d8455981c408b85",
                "sha256:9be002b31c558d1ddf1b9b415b162c603405414bacd6932d031c5b5a8b757f0d",
                "sha256:ad687a04bc802cbe8b9c399c07162a3c35e227e2daccf1668eb1f278cb698631",
                "sha256:b4f54d6a2defe9f257327b0f243612dd051cc43825587520b1bf74a31e2f6ef2",
                "sha256:b6945942715a034c671b7fc54f9588126b0b8bf23db2696e3ca8328f3ff0ab54",
                "sha256:b7cd50c38f500bbcc9b6a46643a40e0913673f869315d8e70de0438817cb7773",
                "sha256:ba38e3f9f330af820c4b27ceb4b9c7feee5fe0493ea53a8720f4792667465934",
                "sha256:c440093bbc8fc21c637c03bafcbef95ccd963bc6e0514ad887932c18ca2a759a",
                "sha256:c49f73e61f1f774650a55d221803b101d966ca0c5a2d6d5e4320ec3997489441",
                "sha256:c66c4906cdbc50e9cba65978823e6e00b45682eb09adbb78c9775b74eb222422",
                "sha256:c6c4639a9c22230276b7bffb6a850dfc8258a2521305e1faefe804d006b2e532",
                "sha256:c85bb486e9be652314bb5b9e2e3b0d1b2e643d5eec4992c0fbe8ac71775da739",
                "sha256:cc829960f34ba36aad4302e78eabf3ef16a3a100863f0d4eeddf30e8a485a03b",
                "sha256:cdd22595308f53ef2f891040ab2b93d79192513ffccbd7fe19be7aa773a5e09f",
                "sha256:d0e589ae0d55204991450bb5c23f571c64fe43adaa53f93fc902a84c96f52fe1",
                "sha256:d14f12932a8d620e307f715857107b1d1845cc44fdb5da2bc8e850f5ceba9f87",
                "sha256:d32530b534e986374fc19eaa77fcb87e8a99e5431499949b828312bdcd20ac52",
                "sha256:d6658ccc7251a4433eebd89ed2672c2ed96fba367fd25ca9512aa92a4b46c4f1",
                "sha256:d91a3ccc7fea94ca0acab82ceb77f396d50a1f67412efe4c526f5d20264e6ecd",
                "sha256:dc41ba0714aa2968d1f8674ec97504a8f7e334f48eeacebcaa6256213acb0989",
                "sha256:de39db2604ae755316cb5967728f4bea92685884b1e767b7c24e983ef5f771cb",
                "sha256:de425af81b6cea33101ae95ece1f696af39446db9682a0b56daaa48cfc29f38f",
                "sha256:ded1706ed0c1049224531b81128efbd5084598f18d8a2d9efae833edbd2b40ad",
                "sha256:e1578f7eafce927b168752ed7e22646dad6cd9bca673c60bff55889fa236ebf9",
                "sha256:e259bced5549ac64410162adc973c5e2fb77f04df4a439d00b478e57a0e65512",
                "sha256:e298e7e70cf4eb179cc1077be1c725b5fd131ebc81181bf0c03525c8abc297fd",
                "sha256:eab0f6db315fa4d70f1d8ab514e527f0366ec021ff853d7ed6a2d33605cf4b83",
                "sha256:f26b383144cf2d2c29f01a1e8170f50dacf0eac02d64139dcd709a8ac4eb3cfe",
                "sha256:f939a054192ddc596e031e50bb13b657ce318cf13d264f095ce9db7dc6ae81c0",
                "sha256:fd93cc7f3139b6dd7aab2f26a90dde0aa9fc264dbf70f6740d498a70b860b82c"
            ],
            "markers": "python_version >= '3.10'",
            "version": "==1.3.2"
        },
        "cycler": {
            "hashes": [
                "sha256:85cef7cff222d8644161529808465972e51340599459b8ac3ccbac5a854e0d30",
                "sha256:88bb128f02ba341da8ef447245a9e138fae777f6a23943da4540077d3601eb1c"
            ],
            "markers": "python_version >= '3.8'",
            "version": "==0.12.1"
        },
        "fonttools": {
            "hashes": [
                "sha256:036cd87a2dbd7ef72f7b68df8314ced00b8d9973aee296f2464d06a836aeb9a9",
                "sha256:0476ea74161322e08c7a982f83558a2b81b491509984523a1a540baf8611cc31",
                "sha256:0ec99f9bdfee9cdb4a9172f9e8fd578cce5feb231f598909e0aecf5418da4f25",
                "sha256:12dc4670e6e6cc4553e8de190f86a549e08ca83a036363115d94a2d67488831e",
                "sha256:14870930181493b1d740b6f25483e20185e5aea58aec7d266d16da7be822b4bb",
                "sha256:1603b85d5922042563eea518e272b037baf273b9a57d0f190852b0b075079000",
                "sha256:1647201af10993090120da2e66e9526c4e20e88859f3e34aa05b8c24ded2a564",
                "sha256:1a1bfe5378962825dabe741720885e8b9ae9745ec7ecc4a5ec1f1ce59a6062bf",
                "sha256:2543b81641ea5b8ddfcae7926e62aafd5abc604320b1b119e5218c014a7a5d3c",
                "sha256:2a159e36ae530650acd13604f364b3a2477eff7408dcac6a640d74a3744d2514",
                "sha256:381bde13216ba09489864467f6bc0c57997bd729abfbb1ce6f807ba42c06cceb",
                "sha256:39ad9612c6a622726a6a130e8ab15794558591f999673f1ee7d2f3d30f6a3e1c",
                "sha256:3cdf9d32690f0e235342055f0a6108eedfccf67b213b033bac747eb809809513",
                "sha256:464d15b58a9fd4304c728735fc1d42cd812fd9ebc27c45b18e78418efd337c28",
                "sha256:47742c33fe65f41eabed36eec2d7313a8082704b7b808752406452f766c573fc",
                "sha256:4d974312a9f405628e64f475b1f5015a61fd338f0a1b61d15c4822f97d6b045b",
                "sha256:511946e8d7ea5c0d6c7a53c4cb3ee48eda9ab9797cd9bf5d95829a398400354f",
                "sha256:53c1a411b7690042535a4f0edf2120096a39a506adeb6c51484a232e59f2aa0c",
                "sha256:5729e12a982dba3eeae650de48b06f3b9ddb51e9aee2fcaf195b7d09a96250e2",
                "sha256:594a6fd2f8296583ac7babc4880c8deee7c4f05ab0141addc6bce8b8e367e996",
                "sha256:59d85088e29fa7a8f87d19e97a1beae2a35821ee48d8ef6d2c4f965f26cb9f8a",
                "sha256:6235fc06bcbdb40186f483ba9d5d68f888ea68aa3c8dac347e05a7c54346fbc8",
                "sha256:67f9640d6b31d66c0bc54bdbe8ed50983c755521c101576a25e377a8711e8207",
                "sha256:6dee142b8b3096514c96ad9e2106bf039e2fe34a704c587585b569a36df08c3c",
                "sha256:738f31f23e0339785fd67652a94bc69ea49e413dfdb14dcb8c8ff383d249464e",
                "sha256:7ad5d8d8cc9e43cb438b3eb4a0094dd6d4088daa767b0a24d52529361fd4c199",
                "sha256:7bb32e0e33795e3b7795bb9b88cb6a9d980d3cbe26dd57642471be547708e17a",
                "sha256:7ff58ea1eb8fc7e05e9a949419f031890023f8785c925b44d6da17a6a7d6e85d",
                "sha256:82906d002c349cad647a7634b004825a7335f8159d0d035ae89253b4abf6f3ea",
                "sha256:83ad6e5d06ef3a2884c4fa6384a20d6367b5cfe560e3b53b07c9dc65a7020e73",
                "sha256:8991bdbae39cf78bcc9cd3d81f6528df1f83f2e7c23ccf6f990fa1f0b6e19708",
                "sha256:8bd0f759020e87bb5d323e6283914d9bf4ae35a7307dafb2cbd1e379e720ad37",
                "sha256:8bd733e47bf4c6dee2b2d8af7a1f7b0c091909b22dbb969a29b2b991e61e5ba4",
                "sha256:8e5e2682cf7be766d84f462ba8828d01e00c8751a8e8e7ce12d7784ccb69a30d",
                "sha256:92ac2d45794f95d1ad4cb43fa07e7e3776d86c83dc4b9918cf82831518165b4b",
                "sha256:95807a3b5e78f2714acaa26a33bc2143005cc05c0217b322361a772e59f32b89",
                "sha256:95922a922daa1f77cc72611747c156cfb38030ead72436a2c551d30ecef519b9",
                "sha256:980fd7388e461b19a881d35013fec32c713ffea1fc37aef2f77d11f332dfd7da",
                "sha256:9836394e2f4ce5f9c0a7690ee93bd90aa1adc6b054f1a57b562c5d242c903104",
                "sha256:9cde8b6a6b05f68516573523f2013a3574cb2c75299d7d500f44de82ba947b80",
                "sha256:a039c38d5644c691eb53cd65360921338f54e44c90b4e764605711e046c926ee",
                "sha256:a10c1bd7644dc58f8862d8ba0cf9fb7fef0af01ea184ba6ce3f50ab7dfe74d5a",
                "sha256:a72155928d7053bbde499d32a9c77d3f0f3d29ae72b5a121752481bcbd71e50f",
                "sha256:a8d40594982ed858780e18a7e4c80415af65af0f22efa7de26bdd30bf24e1e14",
                "sha256:af6dbd463a3530256abf21f675ddf87646272bc48901803a185c49d06287fbf1",
                "sha256:b3ebda00c3bb8f32a740b72ec38537d54c7c09f383a4cfefb0b315860f825b08",
                "sha256:c52694eae5d652361d59ecdb5a2246bff7cff13b6367a12da8499e9df56d148d",
                "sha256:cdcdf7aad4bab7fd0f2938624a5a84eb4893be269f43a6701b0720b726f24df0",
                "sha256:d029804c70fddf90be46ed5305c136cae15800a2300cb0f6bba96d48e770dde0",
                "sha256:d09e487d6bfbe21195801323ba95c91cb3523f0fcc34016454d4d9ae9eaa57fe",
                "sha256:dec2f22486d7781087b173799567cffdcc75e9fb2f1c045f05f8317ccce76a3e",
                "sha256:e4f5100e66ec307cce8b52fc03e379b5d1596e9cb8d8b19dfeeccc1e68d86c96",
                "sha256:e72c0749b06113f50bcb80332364c6be83a9582d6e3db3fe0b280f996dc2ef22",
                "sha256:e937790f3c2c18a1cbc7da101550a84319eb48023a715914477d2e7faeaba570",
                "sha256:f1f1bbc23ba1312bd8959896f46f667753b90216852d2a8cfa2d07e0cb234144",
                "sha256:f33839aa091f7eef4e9078f5b7ab1b8ea4b1d8a50aeaef9fdb3611bba80869ec",
                "sha256:fa9ecaf2dcef8941fb5719e16322345d730f4c40599bbf47c9753de40eb03882",
                "sha256:fc21c4a05226fd39715f66c1c28214862474db50df9f08fd1aa2f96698887bc3"
            ],
            "markers": "python_version >= '3.9'",
            "version": "==4.59.2"
        },
        "kiwisolver": {
            "hashes": [
                "sha256:019791b16388c20ec7c1dcd6cb76e2eb493d8b199e0fc443ee97c457b763607b",
                "sha256:0315b7f45a244696093b53308d2546879341b3e85d4bf4a66e21d35e076aa7eb",
                "sha256:04bc9f5acf650e30dd332989272e660e8e78f97f240a3c7765d6e15ee4db9146",
                "sha256:0786b140f2810f7cc425aa643538a48f2bbec1348fd21821939255cb12d4ad84",
                "sha256:07ba167734ff2616e6853c639d8919b91a8595d675fb940b90feed1e513dc141",
                "sha256:08362526667a90be7cca47bb67f8d4a17f43a835f31d06dbb6fadc097624d443",
                "sha256:0a6487724ff217c96fcd072289a5b9e48b88ded72d48cfa48105382ac5cae7b6",
                "sha256:0b034dc34bcd2ea55eae3481a9282df17a8941f2b55be5f32a93596b85da8161",
                "sha256:0b8bb7b6b3964d0454f8504e003097f2ae628679a1054ecb63578feeb7671cab",
                "sha256:0ef8610afeec79ae3cbd9cfa36d4520c672fe0615a2a0ddbce235a510736b35d",
                "sha256:1157c3cdf59068792409cab46a346520ab0c31545f709b2ed91a740ae6639951",
                "sha256:1aa25492271566984dfd8feb2566a8a0ebaed2e8b158935ead1cc52fb2e2a314",
                "sha256:1cb9ae443b2dba2229ac3b8a771420ee76bfce56f610dcb4998676cebed79346",
                "sha256:22954717039cdf96df76c2583be41fc211a87375e4d32eb2bbdbd071d2ce0dbb",
                "sha256:244946ee11b873e9ae4f01d8bc8cfe44d6c7369421e1980b3220b27e5dccae79",
                "sha256:2727d842ff63050315d2a69334d64ed4ada261c04155c09d9534fd4033d38641",
                "sha256:28ec09dca9ab3a24027f2be104dfab99507c66ac2dad340ff88e061c73e23fb3",
                "sha256:2f200dd20e7c0637894c882e33c8945473e6de5415cbdebd2dce54c2a86bae28",
                "sha256:319c1c56b4497fe729c5c9c2a319957b8bf70b5bd036f478c20b8dccb906f8ad",
                "sha256:374c11179eaacd3b8bfef677aa28a0a6d703b3474ea399f3b08b8e4d67522016",
                "sha256:3dde1fe2838d9ef93f0c66a564c9b369652127190b8da1e6378075d7a0176281",
                "sha256:44cd6dfea8a6c2becac4f3d60ebdcfe4fed858bbf7fe9cd38ffea7b58df66435",
                "sha256:453953bce6a745c7b84ea9e9f600802a5f5cbf4acf60efaa7832dd20acc40772",
                "sha256:4608d88b4f0210d7ad28a64fd8a291747eb665efbf10e6850051c2fa8c7af91b",
                "sha256:468814c0e8f41b8f7b537da0c77a05a70f89aa4b7cfff96aa47f7936e57add9b",
                "sha256:481e143b69de966593116e54e5033ee1fbf6d0c08d557b45fd4319b2011773ba",
                "sha256:4b4be858f37e6cedd31c1d58d6eb74a7f5c932f94ac742405d2e4c8707507f95",
                "sha256:4c168de06cd8a4947a8af1e49d63341face78aca8e9e6b7685625701147ab22d",
                "sha256:4d6389700c5c3568a8bc1dd8766e74f8ee5819dccf795a85a090c2553592fd0e",
                "sha256:58bd1cb70d28234875a31a3a4e6c76690ac1bf9e06d660ca110e8fb0f2180824",
                "sha256:59bb9e7089552273187c8e7b7af62543d3198684231f26d5da60b7bc31a73395",
                "sha256:614636cbf8a6ee1b19c645780d633f63c3f82861c13c18848ea5805d560519d1",
                "sha256:64543d48847a2397ce1346235c66db1dfafd4bce3fe98082a23bb845cbd6939a",
                "sha256:64ee92c48c76427c19fee7d4fe1c811ff985a48f254d34cfd63f75b581568eb7",
                "sha256:65ff3f2320ced57b1d020a9c31ccdfa9eb8b58e2b40be1e47feafc8785c16a1a",
                "sha256:67b9cf30a9cf6baff099f43a6737ecc6fcfe173f83d12fb2582745e2b29177ad",
                "sha256:6893c0dbf86a3bac9359363bc4b371b90e2bb2fc7645104f350ab5b84cd7f1b6",
                "sha256:6a945c1d7dc67fae25929ce22a67c83d009944be5f3a22d6ca3914867af998ac",
                "sha256:6c99e1074a531560410aaf1c207de83d483c0b663017a9ddcec15aceae60a8df",
                "sha256:6d1c2b921dcb8dd3c8b8caeb942e8dde2f9efbb4cce5a7cc4ecb119156dc6f63",
                "sha256:6d3550d0c99ff6e1f1046c87a6ea845aa03cbea964cc87aefaba8ccbbacb0a76",
                "sha256:6e8697067105c536bcc14a33f5c9c0f0c155cf909818d01475f45d012ac441c1",
                "sha256:6fac44a17ac78b8952a07f8261f25cc35f7b4d1278c835332576ec7bf9429ce4",
                "sha256:74c4bba7e213c4fb94a7cc23e4ae67755d7c188a214302f8da75d9117c158459",
                "sha256:75cef7209e3c71dc81d1d5bc8d5eb1b34be7a8d2cd94b83f0eb15533512a45ef",
                "sha256:7804171d944890ebe6e549f75af5d0f6247f612b6e4477364e8af6bea0bdc46c",
                "sha256:7b2519accbb2e54dd7477e84713452f07164bbb62533c9caae24a1c4ffcab620",
                "sha256:7b4aa27204cb091a4ef96438773c9609f24f217fb3cd53612c41394f39b0d8b6",
                "sha256:7c62967106046e2c01b816498a35f6f8172531a957afe7371475b5d8177bc4fe",
                "sha256:7cc57b12496996be722d18b93fb145098c98b7f49cbe06eb92f1a8839fec851f",
                "sha256:7d9e6c3fc8b1afa66d2cef430ce54f29897013416fa311a6d1381d7fbd8c53d7",
                "sha256:7efcc55e35be59b0ddb21a8d22a8aaa8a0494d44da4776e158889dbd9abbe989",
                "sha256:81b5d3e873fed82e9ff7b45311c5fa961a191dda6f19898fce6385ecc82ea65e",
                "sha256:81c6204ddf60b409e384a9dfd12f70980bd98556e9c46f681ea40c90201ac236",
                "sha256:858c66d68285227c6bd350e4947a00424c48cc366334485b50377beaecd16140",
                "sha256:8655f912cf62c65176ca04e15b937c03c41da59090fb177885a9aa413f3e27c0",
                "sha256:93b6286826dffd9eb20e2e25dc47b42830d3f48f3835e20299711f30c4200677",
                "sha256:93c21e1e6e7e41a8588579aae13df2e29b12831dc2ddedc77ec3de33f322372d",
                "sha256:9453be53a21f813c0472db8a5cea26e8cadc315c5002aa9882fad8bf5212483e",
                "sha256:95aff11941e39ff83a8c40b102b4cbd6ce6c877de606b8844e68fb870780ef47",
                "sha256:97d9710fe97a009c000dbbddd533b7851ab2f71a2ab0f9698d5297b265cd7485",
                "sha256:9968c28fff4893d8ecc1c0006a033348735d9add1c2761b7069451378ef5a366",
                "sha256:9abc647f46a322fd19e0564ce59fcc0f14b9934540ddc7404ed7f3eea54d0d11",
                "sha256:9b485e2e377a594dbcf131e8c90f2561d10b4e654025c0760a8bbd2e23427748",
                "sha256:a121b1329385b952e5d3825ebafb0650dec6aa69fca1e2024068aa2ac5913826",
                "sha256:a91fdb10abc117f4df88ac1036c7b220be19bfb3b25d116ef07538087920fed0",
                "sha256:aa62a0aa711b1f94f80f1407a668362718c64f27e176ac6952d983ec1a5cd745",
                "sha256:acc08f93b36220a6baa7df3428cb8847b27717db9be4295c0b1571d040c77327",
                "sha256:b52feaf694434ba3aea0cfb9515b72d5cbe8c555473f14fc5dba121ced58d73d",
                "sha256:b64ceacb59d97820ef86d8ca29cd0b861806850a88d5d39171cc4d08a4822ea8",
                "sha256:bca23882e53a06719b22ae731fb98c57e588aff5c87059a761d2e64e02f940dd",
                "sha256:bdaea1b4d72988b8629de626c7eb01f4143faa3d43e7d99601d116a852b093c6",
                "sha256:c01a868cd5f4860f89d6e23c6dde1c9b730b31b838e33c25b7f5edc568736715",
                "sha256:c3113b5955f88028954c7af68f3f1025c1046cb1106f3d806fc9c376d37c12a7",
                "sha256:c5645e473af736949870d303d51d6edf2925afcd56ad5779b29bf7e5c620dc86",
                "sha256:c7364af8780fcffbb0bc88a96fde73d08890b75b7359014cdf52f73f5305346f",
                "sha256:c86c04d1aa38b6d0911ea4e4f08eb7d22264bb8336aa0f783c7510fef3cb3e52",
                "sha256:cfcd7f1c72c170db55719c0899cb10ddc6584491f27dc1b0d8925e6bbcceca13",
                "sha256:d321718aaa2583577be9836e8cc0ed9fd0863e57a85b1b73b328aac063bc9903",
                "sha256:d5c052c819163b4022c2c2e0fcb06471672df1de9deac45f14c7d4246ae680ea",
                "sha256:dab2a4fc2218bc409d77481fe31f5bbd02ae6f777c355beeeaa4a6ccccb53a88",
                "sha256:dba0e50a89f753cb97940918d2d3c01a09d1fe5c5c5f39bab9f730191fce22f9",
                "sha256:dbbeebea5c25e114f3a77f3949c857ac9865f18efdb794976c23f78dbb14fa6a",
                "sha256:dcdbe9d777d2a55749db7ff810ba58f530c06f52e612e4e407fc19457709b148",
                "sha256:de14f1d8093397cfac557fb020db25c4082c2ae488d6127fbc9273b7ae9af3fd",
                "sha256:dffb2678f68aa3aaa79cefa229981ac1f6b2ab1317b40b662c1059009fb3df70",
                "sha256:e1867906e0fad1164dec3f3d0f070484a3f0c21357310b2f9a222925876bf9fd",
                "sha256:e4ac9b148e0a44f45321524096c45df725fe8e54ad105204474b065e724fa3b9",
                "sha256:e51a352f0e3ead6565cbb81a7653a770c9a0b3cc655d709df3678a933b42c8b2",
                "sha256:ed726e9bf4ab6d8bf63f214189a080b1ccc2236de8f69a65518ec2e08792d809",
                "sha256:ee139ea8544142722d256164d3274e692b3497dd4a5ead35a0ff95031c4f1d79",
                "sha256:ef95d952120e64a55d633a1f2973392acd42bced2e7bf3b76816f7dcca5a88a6",
                "sha256:f0ec8b92ac6bee771883865afd9a8725fef2ad420f77b88c91313ff1d417b5f7",
                "sha256:f10d577d557c9cc0f84794a52957782fd3b65da3ddf8f010dc880f5124f13356",
                "sha256:f1ecf4a287e7eeb1e4305d26e088382885ec5472d7afadd1fe79783bcfe0801b",
                "sha256:f339d6f008fe5a175908e2c5d1a7204bfce3da4250f9bf70df5a60a4b16a8760",
                "sha256:f7e3c788da96b50e60f484d9dd790554a80800c22a468cd059b9a7a9c753d273",
                "sha256:f80f88fa20f14817018eab0f3db70e93da4719434f5c16a0058bde6544c26675",
                "sha256:f9563b4c98c23f52d98e15be40cbf0c215c824e7268d5222e9ad1803e8c1156d",
                "sha256:fb61ab937f2f3ffcbfd5c0ea954426515e31d4e9069aca3b67df80608b351bac",
                "sha256:fc089ea753b3d23063c5791cfbf781049a885372d8090ed3176f14aa95e8b133"
            ],
            "markers": "python_version >= '3.10'",
            "version": "==1.4.10rc0"
        },
        "matplotlib": {
            "hashes": [
                "sha256:05be9bdaa8b242bc6ff96330d18c52f1fc59c6fb3a4dd411d953d67e7e1baf98",
                "sha256:08f141d55148cd1fc870c3387d70ca4df16dee10e909b3b038782bd4bda6ea07",
                "sha256:08fc803293b4e1694ee325896030de97f74c141ccff0be886bb5915269247676",
                "sha256:091cea22e059b89f6d7d1a18e2c33a7376c26eee60e401d92a4d6726c4e12706",
                "sha256:13fcd07ccf17e354398358e0307a1f53f5325dca22982556ddb9c52837b5af41",
                "sha256:1565aae810ab79cb72e402b22facfa6501365e73ebab70a0fdfb98488d2c3c0c",
                "sha256:1678bb61d897bb4ac4757b5ecfb02bfb3fddf7f808000fb81e09c510712fda75",
                "sha256:1b53bd6337eba483e2e7d29c5ab10eee644bc3a2491ec67cc55f7b44583ffb18",
                "sha256:25f7a3eb42d6c1c56e89eacd495661fc815ffc08d9da750bca766771c0fd9110",
                "sha256:2adf92d9b7527fbfb8818e050260f0ebaa460f79d61546374ce73506c9421d09",
                "sha256:30fdd37edf41a4e6785f9b37969de57aea770696cb637d9946eb37470c94a453",
                "sha256:31ca662df6a80bd426f871105fdd69db7543e28e73a9f2afe80de7e531eb2347",
                "sha256:376a624a218116461696b27b2bbf7a8945053e6d799f6502fc03226d077807bf",
                "sha256:3d80d60d4e54cda462e2cd9a086d85cd9f20943ead92f575ce86885a43a565d5",
                "sha256:470fc846d59d1406e34fa4c32ba371039cd12c2fe86801159a965956f2575bd1",
                "sha256:491e25e02a23d7207629d942c666924a6b61e007a48177fdd231a0097b7f507e",
                "sha256:4d6ca6ef03dfd269f4ead566ec6f3fb9becf8dab146fb999022ed85ee9f6b3eb",
                "sha256:4dd83e029f5b4801eeb87c64efd80e732452781c16a9cf7415b7b63ec8f374d7",
                "sha256:56cd2d20842f58c03d2d6e6c1f1cf5548ad6f66b91e1e48f814e4fb5abd1cb95",
                "sha256:590f5925c2d650b5c9d813c5b3b5fc53f2929c3f8ef463e4ecfa7e052044fb2b",
                "sha256:59c8ac8382fefb9cb71308dde16a7c487432f5255d8f1fd32473523abecfecdf",
                "sha256:658bc91894adeab669cf4bb4a186d049948262987e80f0857216387d7435d833",
                "sha256:662df55604a2f9a45435566d6e2660e41efe83cd94f4288dfbf1e6d1eae4b0bb",
                "sha256:6f4a69196e663a41d12a728fab8751177215357906436804217d6d9cf0d4d6cf",
                "sha256:70aaf890ce1d0efd482df969b28a5b30ea0b891224bb315810a3940f67182899",
                "sha256:7bac38d816637343e53d7185d0c66677ff30ffb131044a81898b5792c956ba76",
                "sha256:819e409653c1106c8deaf62e6de6b8611449c2cd9939acb0d7d4e57a3d95cc7a",
                "sha256:83847b47f6524c34b4f2d3ce726bb0541c48c8e7692729865c3df75bfa0f495a",
                "sha256:84e82d9e0fd70c70bc55739defbd8055c54300750cbacf4740c9673a24d6933a",
                "sha256:886f989ccfae63659183173bb3fced7fd65e9eb793c3cc21c273add368536951",
                "sha256:8913b7474f6dd83ac444c9459c91f7f0f2859e839f41d642691b104e0af056aa",
                "sha256:8fa4c43d6bfdbfec09c733bca8667de11bfa4970e8324c471f3a3632a0301c15",
                "sha256:905b60d1cb0ee604ce65b297b61cf8be9f4e6cfecf95a3fe1c388b5266bc8f4f",
                "sha256:942a8de2b5bfff1de31d95722f702e2966b8a7e31f4e68f7cd963c7cd8861cf6",
                "sha256:94f0b4cacb23763b64b5dace50d5b7bfe98710fed5f0cef5c08135a03399d98b",
                "sha256:9df5851b219225731f564e4b9e7f2ac1e13c9e6481f941b5631a0f8e2d9387ce",
                "sha256:a3276c85370bc0dfca051ec65c5817d1e0f8f5ce1b7787528ec8ed2d524bbc2f",
                "sha256:abb5d9478625dd9c9eb51a06d39aae71eda749ae9b3138afb23eb38824026c7e",
                "sha256:acc86dd6e0e695c095001a7fccff158c49e45e0758fdf5dcdbb0103318b59c9f",
                "sha256:bc31e693da1c08012c764b053e702c1855378e04102238e6a5ee6a7117c53a47",
                "sha256:bc7316c306d97463a9866b89d5cc217824e799fa0de346c8f68f4f3d27c8693d",
                "sha256:c7e0518e0d223683532a07f4b512e2e0729b62674f1b3a1a69869f98e6b1c7e3",
                "sha256:cbd5eb50b7058b2892ce45c2f4e92557f395c9991f5c886d1bb74a1582e70fd6",
                "sha256:cc332891306b9fb39462673d8225d1b824c89783fee82840a709f96714f17a5c",
                "sha256:d00932b0d160ef03f59f9c0e16d1e3ac89646f7785165ce6ad40c842db16cc2e",
                "sha256:e228cd2ffb8f88b7d0b29e37f68ca9aaf83e33821f24a5ccc4f082dd8396bc27",
                "sha256:ea117a9c1627acaa04dbf36265691921b999cbf515a015298e54e1a12c3af837",
                "sha256:ec01b645840dd1996df21ee37f208cd8ba57644779fa20464010638013d3203c",
                "sha256:ee1d607b3fb1590deb04b69f02ea1d53ed0b0bf75b2b1a5745f269afcbd3cdd3",
                "sha256:f2d684c3204fa62421bbf770ddfebc6b50130f9cad65531eeba19236d73bb488",
                "sha256:f3b23315a01981689aa4e1a179dbf6ef9fbd17143c3eea77548c2ecfb0499438",
                "sha256:f44c8d264a71609c79a78d50349e724f5d5fc3684ead7c2a473665ee63d868aa",
                "sha256:f56a0d1ab05d34c628592435781d185cd99630bdfd76822cd686fb5a0aecd43a",
                "sha256:f7173f8551b88f4ef810a94adae3128c2530e0d07529f7141be7f8d8c365f051",
                "sha256:f9c862d91ec0b7842920a4cfdaaec29662195301914ea54c33e01f1a28d014b2"
            ],
            "index": "pypi",
            "markers": "python_version >= '3.10'",
            "version": "==3.10.6"
        },
        "numpy": {
            "hashes": [
                "sha256:038613e9fb8c72b0a41f025a7e4c3f0b7a1b5d768ece4796b674c8f3fe13efff",
                "sha256:0678000bb9ac1475cd454c6b8c799206af8107e310843532b04d49649c717a47",
                "sha256:0811bb762109d9708cca4d0b13c4f67146e3c3b7cf8d34018c722adb2d957c84",
                "sha256:0b605b275d7bd0c640cad4e5d30fa701a8d59302e127e5f79138ad62762c3e3d",
                "sha256:0bca768cd85ae743b2affdc762d617eddf3bcf8724435498a1e80132d04879e6",
                "sha256:1bc23a79bfabc5d056d106f9befb8d50c31ced2fbc70eedb8155aec74a45798f",
                "sha256:287cc3162b6f01463ccd86be154f284d0893d2b3ed7292439ea97eafa8170e0b",
                "sha256:37c0ca431f82cd5fa716eca9506aefcabc247fb27ba69c5062a6d3ade8cf8f49",
                "sha256:37e990a01ae6ec7fe7fa1c26c55ecb672dd98b19c3d0e1d1f326fa13cb38d163",
                "sha256:389d771b1623ec92636b0786bc4ae56abafad4a4c513d36a55dce14bd9ce8571",
                "sha256:3d70692235e759f260c3d837193090014aebdf026dfd167834bcba43e30c2a42",
                "sha256:41c5a21f4a04fa86436124d388f6ed60a9343a6f767fced1a8a71c3fbca038ff",
                "sha256:481b49095335f8eed42e39e8041327c05b0f6f4780488f61286ed3c01368d491",
                "sha256:4eeaae00d789f66c7a25ac5f34b71a7035bb474e679f410e5e1a94deb24cf2d4",
                "sha256:55a4d33fa519660d69614a9fad433be87e5252f4b03850642f88993f7b2ca566",
                "sha256:5a6429d4be8ca66d889b7cf70f536a397dc45ba6faeb5f8c5427935d9592e9cf",
                "sha256:5bd4fc3ac8926b3819797a7c0e2631eb889b4118a9898c84f585a54d475b7e40",
                "sha256:5beb72339d9d4fa36522fc63802f469b13cdbe4fdab4a288f0c441b74272ebfd",
                "sha256:6031dd6dfecc0cf9f668681a37648373bddd6421fff6c66ec1624eed0180ee06",
                "sha256:71594f7c51a18e728451bb50cc60a3ce4e6538822731b2933209a1f3614e9282",
                "sha256:74d4531beb257d2c3f4b261bfb0fc09e0f9ebb8842d82a7b4209415896adc680",
                "sha256:7befc596a7dc9da8a337f79802ee8adb30a552a94f792b9c9d18c840055907db",
                "sha256:894b3a42502226a1cac872f840030665f33326fc3dac8e57c607905773cdcde3",
                "sha256:8e41fd67c52b86603a91c1a505ebaef50b3314de0213461c7a6e99c9a3beff90",
                "sha256:8e9ace4a37db23421249ed236fdcdd457d671e25146786dfc96835cd951aa7c1",
                "sha256:8fc377d995680230e83241d8a96def29f204b5782f371c532579b4f20607a289",
                "sha256:9551a499bf125c1d4f9e250377c1ee2eddd02e01eac6644c080162c0c51778ab",
                "sha256:b0544343a702fa80c95ad5d3d608ea3599dd54d4632df855e4c8d24eb6ecfa1c",
                "sha256:b093dd74e50a8cba3e873868d9e93a85b78e0daf2e98c6797566ad8044e8363d",
                "sha256:b412caa66f72040e6d268491a59f2c43bf03eb6c96dd8f0307829feb7fa2b6fb",
                "sha256:b4f13750ce79751586ae2eb824ba7e1e8dba64784086c98cdbbcc6a42112ce0d",
                "sha256:b64d8d4d17135e00c8e346e0a738deb17e754230d7e0810ac5012750bbd85a5a",
                "sha256:ba10f8411898fc418a521833e014a77d3ca01c15b0c6cdcce6a0d2897e6dbbdf",
                "sha256:bd48227a919f1bafbdda0583705e547892342c26fb127219d60a5c36882609d1",
                "sha256:c1f9540be57940698ed329904db803cf7a402f3fc200bfe599334c9bd84a40b2",
                "sha256:c820a93b0255bc360f53eca31a0e676fd1101f673dda8da93454a12e23fc5f7a",
                "sha256:ce47521a4754c8f4593837384bd3424880629f718d87c5d44f8ed763edd63543",
                "sha256:d042d24c90c41b54fd506da306759e06e568864df8ec17ccc17e9e884634fd00",
                "sha256:de749064336d37e340f640b05f24e9e3dd678c57318c7289d222a8a2f543e90c",
                "sha256:e1dda9c7e08dc141e0247a5b8f49cf05984955246a327d4c48bda16821947b2f",
                "sha256:e29554e2bef54a90aa5cc07da6ce955accb83f21ab5de01a62c8478897b264fd",
                "sha256:e3143e4451880bed956e706a3220b4e5cf6172ef05fcc397f6f36a550b1dd868",
                "sha256:e8213002e427c69c45a52bbd94163084025f533a55a59d6f9c5b820774ef3303",
                "sha256:efd28d4e9cd7d7a8d39074a4d44c63eda73401580c5c76acda2ce969e0a38e83",
                "sha256:f0fd6321b839904e15c46e0d257fdd101dd7f530fe03fd6359c1ea63738703f3",
                "sha256:f1372f041402e37e5e633e586f62aa53de2eac8d98cbfb822806ce4bbefcb74d",
                "sha256:f2618db89be1b4e05f7a1a847a9c1c0abd63e63a1607d892dd54668dd92faf87",
                "sha256:f447e6acb680fd307f40d3da4852208af94afdfab89cf850986c3ca00562f4fa",
                "sha256:f92729c95468a2f4f15e9bb94c432a9229d0d50de67304399627a943201baa2f",
                "sha256:f9f1adb22318e121c5c69a09142811a201ef17ab257a1e66ca3025065b7f53ae",
                "sha256:fc0c5673685c508a142ca65209b4e79ed6740a4ed6b2267dbba90f34b0b3cfda",
                "sha256:fc7b73d02efb0e18c000e9ad8b83480dfcd5dfd11065997ed4c6747470ae8915",
                "sha256:fd83c01228a688733f1ded5201c678f0c53ecc1006ffbc404db9f7a899ac6249",
                "sha256:fe27749d33bb772c80dcd84ae7e8df2adc920ae8297400dabec45f0dedb3f6de",
                "sha256:fee4236c876c4e8369388054d02d0e9bb84821feb1a64dd59e137e6511a551f8"
            ],
            "markers": "python_version >= '3.10'",
            "version": "==2.2.6"
        },
        "packaging": {
            "hashes": [
                "sha256:29572ef2b1f17581046b3a2227d5c611fb25ec70ca1ba8554b24b0e69331a484",
                "sha256:d443872c98d677bf60f6a1f2f8c1cb748e8fe762d2bf9d3148b5599295b0fc4f"
            ],
            "markers": "python_version >= '3.8'",
            "version": "==25.0"
        },
        "pillow": {
            "hashes": [
                "sha256:023f6d2d11784a465f09fd09a34b150ea4672e85fb3d05931d89f373ab14abb2",
                "sha256:02a723e6bf909e7cea0dac1b0e0310be9d7650cd66222a5f1c571455c0a45214",
                "sha256:040a5b691b0713e1f6cbe222e0f4f74cd233421e105850ae3b3c0ceda520f42e",
                "sha256:05f6ecbeff5005399bb48d198f098a9b4b6bdf27b8487c7f38ca16eeb070cd59",
                "sha256:068d9c39a2d1b358eb9f245ce7ab1b5c3246c7c8c7d9ba58cfa5b43146c06e50",
                "sha256:0743841cabd3dba6a83f38a92672cccbd69af56e3e91777b0ee7f4dba4385632",
                "sha256:092c80c76635f5ecb10f3f83d76716165c96f5229addbd1ec2bdbbda7d496e06",
                "sha256:0b275ff9b04df7b640c59ec5a3cb113eefd3795a8df80bac69646ef699c6981a",
                "sha256:0bce5c4fd0921f99d2e858dc4d4d64193407e1b99478bc5cacecba2311abde51",
                "sha256:1019b04af07fc0163e2810167918cb5add8d74674b6267616021ab558dc98ced",
                "sha256:106064daa23a745510dabce1d84f29137a37224831d88eb4ce94bb187b1d7e5f",
                "sha256:118ca10c0d60b06d006be10a501fd6bbdfef559251ed31b794668ed569c87e12",
                "sha256:13f87d581e71d9189ab21fe0efb5a23e9f28552d5be6979e84001d3b8505abe8",
                "sha256:155658efb5e044669c08896c0c44231c5e9abcaadbc5cd3648df2f7c0b96b9a6",
                "sha256:1904e1264881f682f02b7f8167935cce37bc97db457f8e7849dc3a6a52b99580",
                "sha256:19d2ff547c75b8e3ff46f4d9ef969a06c30ab2d4263a9e287733aa8b2429ce8f",
                "sha256:1a992e86b0dd7aeb1f053cd506508c0999d710a8f07b4c791c63843fc6a807ac",
                "sha256:1b9c17fd4ace828b3003dfd1e30bff24863e0eb59b535e8f80194d9cc7ecf860",
                "sha256:1c627742b539bba4309df89171356fcb3cc5a9178355b2727d1b74a6cf155fbd",
                "sha256:1cd110edf822773368b396281a2293aeb91c90a2db00d78ea43e7e861631b722",
                "sha256:1f85acb69adf2aaee8b7da124efebbdb959a104db34d3a2cb0f3793dbae422a8",
                "sha256:23cff760a9049c502721bdb743a7cb3e03365fafcdfc2ef9784610714166e5a4",
                "sha256:2465a69cf967b8b49ee1b96d76718cd98c4e925414ead59fdf75cf0fd07df673",
                "sha256:2a3117c06b8fb646639dce83694f2f9eac405472713fcb1ae887469c0d4f6788",
                "sha256:2aceea54f957dd4448264f9bf40875da0415c83eb85f55069d89c0ed436e3542",
                "sha256:2d6fcc902a24ac74495df63faad1884282239265c6839a0a6416d33faedfae7e",
                "sha256:30807c931ff7c095620fe04448e2c2fc673fcbb1ffe2a7da3fb39613489b1ddd",
                "sha256:30b7c02f3899d10f13d7a48163c8969e4e653f8b43416d23d13d1bbfdc93b9f8",
                "sha256:3828ee7586cd0b2091b6209e5ad53e20d0649bbe87164a459d0676e035e8f523",
                "sha256:3cee80663f29e3843b68199b9d6f4f54bd1d4a6b59bdd91bceefc51238bcb967",
                "sha256:3e184b2f26ff146363dd07bde8b711833d7b0202e27d13540bfe2e35a323a809",
                "sha256:41342b64afeba938edb034d122b2dda5db2139b9a4af999729ba8818e0056477",
                "sha256:41742638139424703b4d01665b807c6468e23e699e8e90cffefe291c5832b027",
                "sha256:4445fa62e15936a028672fd48c4c11a66d641d2c05726c7ec1f8ba6a572036ae",
                "sha256:45dfc51ac5975b938e9809451c51734124e73b04d0f0ac621649821a63852e7b",
                "sha256:465b9e8844e3c3519a983d58b80be3f668e2a7a5db97f2784e7079fbc9f9822c",
                "sha256:48d254f8a4c776de343051023eb61ffe818299eeac478da55227d96e241de53f",
                "sha256:4c834a3921375c48ee6b9624061076bc0a32a60b5532b322cc0ea64e639dd50e",
                "sha256:4c96f993ab8c98460cd0c001447bff6194403e8b1d7e149ade5f00594918128b",
                "sha256:504b6f59505f08ae014f724b6207ff6222662aab5cc9542577fb084ed0676ac7",
                "sha256:527b37216b6ac3a12d7838dc3bd75208ec57c1c6d11ef01902266a5a0c14fc27",
                "sha256:5418b53c0d59b3824d05e029669efa023bbef0f3e92e75ec8428f3799487f361",
                "sha256:59a03cdf019efbfeeed910bf79c7c93255c3d54bc45898ac2a4140071b02b4ae",
                "sha256:5e05688ccef30ea69b9317a9ead994b93975104a677a36a8ed8106be9260aa6d",
                "sha256:6359a3bc43f57d5b375d1ad54a0074318a0844d11b76abccf478c37c986d3cfc",
                "sha256:643f189248837533073c405ec2f0bb250ba54598cf80e8c1e043381a60632f58",
                "sha256:65dc69160114cdd0ca0f35cb434633c75e8e7fad4cf855177a05bf38678f73ad",
                "sha256:67172f2944ebba3d4a7b54f2e95c786a3a50c21b88456329314caaa28cda70f6",
                "sha256:676b2815362456b5b3216b4fd5bd89d362100dc6f4945154ff172e206a22c024",
                "sha256:6a418691000f2a418c9135a7cf0d797c1bb7d9a485e61fe8e7722845b95ef978",
                "sha256:6abdbfd3aea42be05702a8dd98832329c167ee84400a1d1f61ab11437f1717eb",
                "sha256:6be31e3fc9a621e071bc17bb7de63b85cbe0bfae91bb0363c893cbe67247780d",
                "sha256:7107195ddc914f656c7fc8e4a5e1c25f32e9236ea3ea860f257b0436011fddd0",
                "sha256:71f511f6b3b91dd543282477be45a033e4845a40278fa8dcdbfdb07109bf18f9",
                "sha256:7859a4cc7c9295f5838015d8cc0a9c215b77e43d07a25e460f35cf516df8626f",
                "sha256:7966e38dcd0fa11ca390aed7c6f20454443581d758242023cf36fcb319b1a874",
                "sha256:79ea0d14d3ebad43ec77ad5272e6ff9bba5b679ef73375ea760261207fa8e0aa",
                "sha256:7aee118e30a4cf54fdd873bd3a29de51e29105ab11f9aad8c32123f58c8f8081",
                "sha256:7b161756381f0918e05e7cb8a371fff367e807770f8fe92ecb20d905d0e1c149",
                "sha256:7c8ec7a017ad1bd562f93dbd8505763e688d388cde6e4a010ae1486916e713e6",
                "sha256:7d1aa4de119a0ecac0a34a9c8bde33f34022e2e8f99104e47a3ca392fd60e37d",
                "sha256:7db51d222548ccfd274e4572fdbf3e810a5e66b00608862f947b163e613b67dd",
                "sha256:819931d25e57b513242859ce1876c58c59dc31587847bf74cfe06b2e0cb22d2f",
                "sha256:83e1b0161c9d148125083a35c1c5a89db5b7054834fd4387499e06552035236c",
                "sha256:857844335c95bea93fb39e0fa2726b4d9d758850b34075a7e3ff4f4fa3aa3b31",
                "sha256:8797edc41f3e8536ae4b10897ee2f637235c94f27404cac7297f7b607dd0716e",
                "sha256:8924748b688aa210d79883357d102cd64690e56b923a186f35a82cbc10f997db",
                "sha256:89bd777bc6624fe4115e9fac3352c79ed60f3bb18651420635f26e643e3dd1f6",
                "sha256:8dc70ca24c110503e16918a658b869019126ecfe03109b754c402daff12b3d9f",
                "sha256:91da1d88226663594e3f6b4b8c3c8d85bd504117d043740a8e0ec449087cc494",
                "sha256:921bd305b10e82b4d1f5e802b6850677f965d8394203d182f078873851dada69",
                "sha256:932c754c2d51ad2b2271fd01c3d121daaa35e27efae2a616f77bf164bc0b3e94",
                "sha256:93efb0b4de7e340d99057415c749175e24c8864302369e05914682ba642e5d77",
                "sha256:97afb3a00b65cc0804d1c7abddbf090a81eaac02768af58cbdcaaa0a931e0b6d",
                "sha256:97f07ed9f56a3b9b5f49d3661dc9607484e85c67e27f3e8be2c7d28ca032fec7",
                "sha256:98a9afa7b9007c67ed84c57c9e0ad86a6000da96eaa638e4f8abe5b65ff83f0a",
                "sha256:9ab6ae226de48019caa8074894544af5b53a117ccb9d3b3dcb2871464c829438",
                "sha256:9c412fddd1b77a75aa904615ebaa6001f169b26fd467b4be93aded278266b288",
                "sha256:a1bc6ba083b145187f648b667e05a2534ecc4b9f2784c2cbe3089e44868f2b9b",
                "sha256:a418486160228f64dd9e9efcd132679b7a02a5f22c982c78b6fc7dab3fefb635",
                "sha256:a4d336baed65d50d37b88ca5b60c0fa9d81e3a87d4a7930d3880d1624d5b31f3",
                "sha256:a6444696fce635783440b7f7a9fc24b3ad10a9ea3f0ab66c5905be1c19ccf17d",
                "sha256:a7bc6e6fd0395bc052f16b1a8670859964dbd7003bd0af2ff08342eb6e442cfe",
                "sha256:b4b8f3efc8d530a1544e5962bd6b403d5f7fe8b9e08227c6b255f98ad82b4ba0",
                "sha256:b5f56c3f344f2ccaf0dd875d3e180f631dc60a51b314295a3e681fe8cf851fbe",
                "sha256:be5463ac478b623b9dd3937afd7fb7ab3d79dd290a28e2b6df292dc75063eb8a",
                "sha256:c37d8ba9411d6003bba9e518db0db0c58a680ab9fe5179f040b0463644bc9805",
                "sha256:c84d689db21a1c397d001aa08241044aa2069e7587b398c8cc63020390b1c1b8",
                "sha256:c96d333dcf42d01f47b37e0979b6bd73ec91eae18614864622d9b87bbd5bbf36",
                "sha256:cadc9e0ea0a2431124cde7e1697106471fc4c1da01530e679b2391c37d3fbb3a",
                "sha256:cc3e831b563b3114baac7ec2ee86819eb03caa1a2cef0b481a5675b59c4fe23b",
                "sha256:cd8ff254faf15591e724dc7c4ddb6bf4793efcbe13802a4ae3e863cd300b493e",
                "sha256:d000f46e2917c705e9fb93a3606ee4a819d1e3aa7a9b442f6444f07e77cf5e25",
                "sha256:d9da3df5f9ea2a89b81bb6087177fb1f4d1c7146d583a3fe5c672c0d94e55e12",
                "sha256:e5c5858ad8ec655450a7c7df532e9842cf8df7cc349df7225c60d5d348c8aada",
                "sha256:e67d793d180c9df62f1f40aee3accca4829d3794c95098887edc18af4b8b780c",
                "sha256:ea944117a7974ae78059fcc1800e5d3295172bb97035c0c1d9345fca1419da71",
                "sha256:eb76541cba2f958032d79d143b98a3a6b3ea87f0959bbe256c0b5e416599fd5d",
                "sha256:ec1ee50470b0d050984394423d96325b744d55c701a439d2bd66089bff963d3c",
                "sha256:ee92f2fd10f4adc4b43d07ec5e779932b4eb3dbfbc34790ada5a6669bc095aa6",
                "sha256:f0f5d8f4a08090c6d6d578351a2b91acf519a54986c055af27e7a93feae6d3f1",
                "sha256:f1f182ebd2303acf8c380a54f615ec883322593320a9b00438eb842c1f37ae50",
                "sha256:f8a5827f84d973d8636e9dc5764af4f0cf2318d26744b3d902931701b0d46653",
                "sha256:f944255db153ebb2b19c51fe85dd99ef0ce494123f21b9db4877ffdfc5590c7c",
                "sha256:fdae223722da47b024b867c1ea0be64e0df702c5e0a60e27daad39bf960dd1e4",
                "sha256:fe27fb049cdcca11f11a7bfda64043c37b30e6b91f10cb5bab275806c32f6ab3"
            ],
            "markers": "python_version >= '3.9'",
            "version": "==11.3.0"
        },
        "pyparsing": {
            "hashes": [
                "sha256:a749938e02d6fd0b59b356ca504a24982314bb090c383e3cf201c95ef7e2bfcf",
                "sha256:b9c13f1ab8b3b542f72e28f634bad4de758ab3ce4546e4301970ad6fa77c38be"
            ],
            "markers": "python_version >= '3.9'",
            "version": "==3.2.3"
        },
        "python-dateutil": {
            "hashes": [
                "sha256:37dd54208da7e1cd875388217d5e00ebd4179249f90fb72437e91a35459a0ad3",
                "sha256:a8b2bc7bffae282281c8140a97d3aa9c14da0b136dfe83f850eea9a5f7470427"
            ],
            "markers": "python_version >= '2.7' and python_version not in '3.0, 3.1, 3.2'",
            "version": "==2.9.0.post0"
        },
        "six": {
            "hashes": [
                "sha256:4721f391ed90541fddacab5acf947aa0d3dc7d27b2e1e8eda2be8970586c3274",
                "sha256:ff70335d468e7eb6ec65b95b99d3a2836546063f63acc5171de367e834932a81"
            ],
            "markers": "python_version >= '2.7' and python_version not in '3.0, 3.1, 3.2'",
            "version": "==1.17.0"
        }
    },
    "develop": {}
}
